{
  "name": "starter-java",
  "lockfileVersion": 3,
  "requires": true,
  "packages": {
    "": {
      "dependencies": {
        "@primeng/themes": "^20.2.0"
      }
    },
    "node_modules/@primeng/themes": {
      "version": "20.2.0",
      "resolved": "https://registry.npmjs.org/@primeng/themes/-/themes-20.2.0.tgz",
      "integrity": "sha512-n3zqkamwzLV/q/cRMSIXfugaIQQ4oUVX+IC3HsyO4QTLCwIUL6l4s2Dsy66ATSKijYBl6L1/+4ihUHvoEAZ8Xw==",
      "license": "SEE LICENSE IN LICENSE.md",
      "dependencies": {
        "@primeuix/styled": "^0.7.3",
        "@primeuix/themes": "^1.2.4"
      }
    },
    "node_modules/@primeuix/styled": {
      "version": "0.7.3",
      "resolved": "https://registry.npmjs.org/@primeuix/styled/-/styled-0.7.3.tgz",
      "integrity": "sha512-qAzefzODuYZRaEh2b2uTJCtaT+qUMAt1WPCZhYgkbLUVQ8qt7hFL5BjTsqqCaiBWZCZtDkGmKhP19SRIL6hAlQ==",
      "license": "MIT",
      "dependencies": {
        "@primeuix/utils": "^0.6.1"
      },
      "engines": {
        "node": ">=12.11.0"
      }
    },
    "node_modules/@primeuix/themes": {
      "version": "1.2.5",
      "resolved": "https://registry.npmjs.org/@primeuix/themes/-/themes-1.2.5.tgz",
      "integrity": "sha512-n3YkwJrHQaEESc/D/A/iD815sxp8cKnmzscA6a8Tm8YvMtYU32eCahwLLe6h5rywghVwxASWuG36XBgISYOIjQ==",
      "license": "MIT",
      "dependencies": {
        "@primeuix/styled": "^0.7.3"
      }
    },
    "node_modules/@primeuix/utils": {
      "version": "0.6.1",
      "resolved": "https://registry.npmjs.org/@primeuix/utils/-/utils-0.6.1.tgz",
      "integrity": "sha512-tQL/ZOPgCdD+NTimlUmhyD0ey8J1XmpZE4hDHM+/fnuBicVVmlKOd5HpS748LcOVRUKbWjmEPdHX4hi5XZoC1Q==",
      "license": "MIT",
      "engines": {
        "node": ">=12.11.0"
      }
    }
  }
}
